
Microsoft Visual Studio Solution File, Format Version 12.00
# Visual Studio Version 17
VisualStudioVersion = 17.10.35122.118
MinimumVisualStudioVersion = 10.0.40219.1
Project("{9A19103F-16F7-4668-BE54-9A1E7A4F7556}") = "Locadora_Ao_Infinito_E_Alem", "Locadora_Ao_Infinito_E_Alem\Locadora_Ao_Infinito_E_Alem.csproj", "{7DC6E0EC-E9BA-4DFD-A5F5-D470D9F11A41}"
EndProject
Global
	GlobalSection(SolutionConfigurationPlatforms) = preSolution
		Debug|Any CPU = Debug|Any CPU
		Release|Any CPU = Release|Any CPU
	EndGlobalSection
	GlobalSection(ProjectConfigurationPlatforms) = postSolution
		{7DC6E0EC-E9BA-4DFD-A5F5-D470D9F11A41}.Debug|Any CPU.ActiveCfg = Debug|Any CPU
		{7DC6E0EC-E9BA-4DFD-A5F5-D470D9F11A41}.Debug|Any CPU.Build.0 = Debug|Any CPU
		{7DC6E0EC-E9BA-4DFD-A5F5-D470D9F11A41}.Release|Any CPU.ActiveCfg = Release|Any CPU
		{7DC6E0EC-E9BA-4DFD-A5F5-D470D9F11A41}.Release|Any CPU.Build.0 = Release|Any CPU
	EndGlobalSection
	GlobalSection(SolutionProperties) = preSolution
		HideSolutionNode = FALSE
	EndGlobalSection
	GlobalSection(ExtensibilityGlobals) = postSolution
		SolutionGuid = {B24F65FF-E866-49B3-B22C-F3AE4364F31F}
	EndGlobalSection
EndGlobal
